
Microsoft Visual Studio Solution File, Format Version 12.00
# Visual Studio Version 17
VisualStudioVersion = 17.0.31903.59
MinimumVisualStudioVersion = 10.0.40219.1
Project("{FAE04EC0-301F-11D3-BF4B-00C04F79EFBC}") = "NotificationService.Domain", "NotificationService.Domain\NotificationService.Domain.csproj", "{C592C453-7005-412B-9BA3-AC7FD30E2E38}"
EndProject
Project("{FAE04EC0-301F-11D3-BF4B-00C04F79EFBC}") = "NotificationService.Application", "NotificationService.Application\NotificationService.Application.csproj", "{BB2BE054-875A-4B6B-90A8-AF8040BA8B34}"
EndProject
Project("{FAE04EC0-301F-11D3-BF4B-00C04F79EFBC}") = "NotificationService.Infrastructure", "NotificationService.Infrastructure\NotificationService.Infrastructure.csproj", "{0C329D58-9D5E-443D-9D73-C36905349E81}"
EndProject
Project("{FAE04EC0-301F-11D3-BF4B-00C04F79EFBC}") = "NotificationService.API", "NotificationService.API\NotificationService.API.csproj", "{D0B6386E-CD9B-4ADA-B0C4-284423CC986F}"
EndProject
Global
	GlobalSection(SolutionConfigurationPlatforms) = preSolution
		Debug|Any CPU = Debug|Any CPU
		Debug|x64 = Debug|x64
		Debug|x86 = Debug|x86
		Release|Any CPU = Release|Any CPU
		Release|x64 = Release|x64
		Release|x86 = Release|x86
	EndGlobalSection
	GlobalSection(ProjectConfigurationPlatforms) = postSolution
		{C592C453-7005-412B-9BA3-AC7FD30E2E38}.Debug|Any CPU.ActiveCfg = Debug|Any CPU
		{C592C453-7005-412B-9BA3-AC7FD30E2E38}.Debug|Any CPU.Build.0 = Debug|Any CPU
		{C592C453-7005-412B-9BA3-AC7FD30E2E38}.Debug|x64.ActiveCfg = Debug|Any CPU
		{C592C453-7005-412B-9BA3-AC7FD30E2E38}.Debug|x64.Build.0 = Debug|Any CPU
		{C592C453-7005-412B-9BA3-AC7FD30E2E38}.Debug|x86.ActiveCfg = Debug|Any CPU
		{C592C453-7005-412B-9BA3-AC7FD30E2E38}.Debug|x86.Build.0 = Debug|Any CPU
		{C592C453-7005-412B-9BA3-AC7FD30E2E38}.Release|Any CPU.ActiveCfg = Release|Any CPU
		{C592C453-7005-412B-9BA3-AC7FD30E2E38}.Release|Any CPU.Build.0 = Release|Any CPU
		{C592C453-7005-412B-9BA3-AC7FD30E2E38}.Release|x64.ActiveCfg = Release|Any CPU
		{C592C453-7005-412B-9BA3-AC7FD30E2E38}.Release|x64.Build.0 = Release|Any CPU
		{C592C453-7005-412B-9BA3-AC7FD30E2E38}.Release|x86.ActiveCfg = Release|Any CPU
		{C592C453-7005-412B-9BA3-AC7FD30E2E38}.Release|x86.Build.0 = Release|Any CPU
		{BB2BE054-875A-4B6B-90A8-AF8040BA8B34}.Debug|Any CPU.ActiveCfg = Debug|Any CPU
		{BB2BE054-875A-4B6B-90A8-AF8040BA8B34}.Debug|Any CPU.Build.0 = Debug|Any CPU
		{BB2BE054-875A-4B6B-90A8-AF8040BA8B34}.Debug|x64.ActiveCfg = Debug|Any CPU
		{BB2BE054-875A-4B6B-90A8-AF8040BA8B34}.Debug|x64.Build.0 = Debug|Any CPU
		{BB2BE054-875A-4B6B-90A8-AF8040BA8B34}.Debug|x86.ActiveCfg = Debug|Any CPU
		{BB2BE054-875A-4B6B-90A8-AF8040BA8B34}.Debug|x86.Build.0 = Debug|Any CPU
		{BB2BE054-875A-4B6B-90A8-AF8040BA8B34}.Release|Any CPU.ActiveCfg = Release|Any CPU
		{BB2BE054-875A-4B6B-90A8-AF8040BA8B34}.Release|Any CPU.Build.0 = Release|Any CPU
		{BB2BE054-875A-4B6B-90A8-AF8040BA8B34}.Release|x64.ActiveCfg = Release|Any CPU
		{BB2BE054-875A-4B6B-90A8-AF8040BA8B34}.Release|x64.Build.0 = Release|Any CPU
		{BB2BE054-875A-4B6B-90A8-AF8040BA8B34}.Release|x86.ActiveCfg = Release|Any CPU
		{BB2BE054-875A-4B6B-90A8-AF8040BA8B34}.Release|x86.Build.0 = Release|Any CPU
		{0C329D58-9D5E-443D-9D73-C36905349E81}.Debug|Any CPU.ActiveCfg = Debug|Any CPU
		{0C329D58-9D5E-443D-9D73-C36905349E81}.Debug|Any CPU.Build.0 = Debug|Any CPU
		{0C329D58-9D5E-443D-9D73-C36905349E81}.Debug|x64.ActiveCfg = Debug|Any CPU
		{0C329D58-9D5E-443D-9D73-C36905349E81}.Debug|x64.Build.0 = Debug|Any CPU
		{0C329D58-9D5E-443D-9D73-C36905349E81}.Debug|x86.ActiveCfg = Debug|Any CPU
		{0C329D58-9D5E-443D-9D73-C36905349E81}.Debug|x86.Build.0 = Debug|Any CPU
		{0C329D58-9D5E-443D-9D73-C36905349E81}.Release|Any CPU.ActiveCfg = Release|Any CPU
		{0C329D58-9D5E-443D-9D73-C36905349E81}.Release|Any CPU.Build.0 = Release|Any CPU
		{0C329D58-9D5E-443D-9D73-C36905349E81}.Release|x64.ActiveCfg = Release|Any CPU
		{0C329D58-9D5E-443D-9D73-C36905349E81}.Release|x64.Build.0 = Release|Any CPU
		{0C329D58-9D5E-443D-9D73-C36905349E81}.Release|x86.ActiveCfg = Release|Any CPU
		{0C329D58-9D5E-443D-9D73-C36905349E81}.Release|x86.Build.0 = Release|Any CPU
		{D0B6386E-CD9B-4ADA-B0C4-284423CC986F}.Debug|Any CPU.ActiveCfg = Debug|Any CPU
		{D0B6386E-CD9B-4ADA-B0C4-284423CC986F}.Debug|Any CPU.Build.0 = Debug|Any CPU
		{D0B6386E-CD9B-4ADA-B0C4-284423CC986F}.Debug|x64.ActiveCfg = Debug|Any CPU
		{D0B6386E-CD9B-4ADA-B0C4-284423CC986F}.Debug|x64.Build.0 = Debug|Any CPU
		{D0B6386E-CD9B-4ADA-B0C4-284423CC986F}.Debug|x86.ActiveCfg = Debug|Any CPU
		{D0B6386E-CD9B-4ADA-B0C4-284423CC986F}.Debug|x86.Build.0 = Debug|Any CPU
		{D0B6386E-CD9B-4ADA-B0C4-284423CC986F}.Release|Any CPU.ActiveCfg = Release|Any CPU
		{D0B6386E-CD9B-4ADA-B0C4-284423CC986F}.Release|Any CPU.Build.0 = Release|Any CPU
		{D0B6386E-CD9B-4ADA-B0C4-284423CC986F}.Release|x64.ActiveCfg = Release|Any CPU
		{D0B6386E-CD9B-4ADA-B0C4-284423CC986F}.Release|x64.Build.0 = Release|Any CPU
		{D0B6386E-CD9B-4ADA-B0C4-284423CC986F}.Release|x86.ActiveCfg = Release|Any CPU
		{D0B6386E-CD9B-4ADA-B0C4-284423CC986F}.Release|x86.Build.0 = Release|Any CPU
	EndGlobalSection
	GlobalSection(SolutionProperties) = preSolution
		HideSolutionNode = FALSE
	EndGlobalSection
EndGlobal
